
Microsoft Visual Studio Solution File, Format Version 12.00
# Visual Studio 15
VisualStudioVersion = 15.0.33403.129
MinimumVisualStudioVersion = 10.0.40219.1
Project("{FAE04EC0-301F-11D3-BF4B-00C04F79EFBC}") = "ConsoleApp1", "ConsoleApp1\ConsoleApp1.csproj", "{EC8C529F-0D94-4001-9C3F-02C3AC1453C4}"
EndProject
Global
	GlobalSection(SolutionConfigurationPlatforms) = preSolution
		Debug|Any CPU = Debug|Any CPU
		Release|Any CPU = Release|Any CPU
	EndGlobalSection
	GlobalSection(ProjectConfigurationPlatforms) = postSolution
		{EC8C529F-0D94-4001-9C3F-02C3AC1453C4}.Debug|Any CPU.ActiveCfg = Debug|Any CPU
		{EC8C529F-0D94-4001-9C3F-02C3AC1453C4}.Debug|Any CPU.Build.0 = Debug|Any CPU
		{EC8C529F-0D94-4001-9C3F-02C3AC1453C4}.Release|Any CPU.ActiveCfg = Release|Any CPU
		{EC8C529F-0D94-4001-9C3F-02C3AC1453C4}.Release|Any CPU.Build.0 = Release|Any CPU
	EndGlobalSection
	GlobalSection(SolutionProperties) = preSolution
		HideSolutionNode = FALSE
	EndGlobalSection
	GlobalSection(ExtensibilityGlobals) = postSolution
		SolutionGuid = {AE48B8A7-5525-440E-9241-414AF9E24D1A}
	EndGlobalSection
EndGlobal
